{
  "name": "super-simple-guestbook",
  "version": "1.0.0",
  "lockfileVersion": 1,
  "requires": true,
  "dependencies": {
    "cloudinary": {
      "version": "1.13.2",
      "resolved": "https://registry.npmjs.org/cloudinary/-/cloudinary-1.13.2.tgz",
      "integrity": "sha512-mZWxWxgln6Bkk5QA72BGb1mwRBFs+r94ZzdN37gROPL7FSOslhvFfEvF/Rz/ruPqR7mblMdzVz3wuLQi1oCalw==",
      "requires": {
        "lodash": "^4.17.11",
        "q": "^1.5.1"
      }
    },
    "http-parser-js": {
      "version": "0.4.13",
      "resolved": "https://registry.npmjs.org/http-parser-js/-/http-parser-js-0.4.13.tgz",
      "integrity": "sha1-O9bW/ebjFyyTNMOzO2wZPYD+ETc="
    },
    "lodash": {
      "version": "4.17.11",
      "resolved": "https://registry.npmjs.org/lodash/-/lodash-4.17.11.tgz",
      "integrity": "sha512-cQKh8igo5QUhZ7lg38DYWAxMvjSAKG0A8wGSVimP07SIUEK2UO+arSRKbRZWtelMtN5V0Hkwh5ryOto/SshYIg=="
    },
    "lokijs": {
      "version": "1.5.5",
      "resolved": "https://registry.npmjs.org/lokijs/-/lokijs-1.5.5.tgz",
      "integrity": "sha1-HCH4KvdXkDf63nueSBNIXCNwi7Y="
    },
    "napi-macros": {
      "version": "1.8.1",
      "resolved": "https://registry.npmjs.org/napi-macros/-/napi-macros-1.8.1.tgz",
      "integrity": "sha512-lhRfh61ei9CTpDEoaH3+KPS/lrpoKltCKMeqcA1rt/tjUhMICCbnAkcdkZmYs7jpraJ5hizngPIASwjjRsbvUA=="
    },
    "node-gyp-build": {
      "version": "3.5.1",
      "resolved": "https://registry.npmjs.org/node-gyp-build/-/node-gyp-build-3.5.1.tgz",
      "integrity": "sha512-AKJ4SyHiYvqwy5P9GaAnxi5IG3HSEPHV/1YDMlBA0vEEmi7qxeeSfKlCAau3XFvAPFR9EV6gvD9p2b0s8ghyww=="
    },
    "q": {
      "version": "1.5.1",
      "resolved": "https://registry.npmjs.org/q/-/q-1.5.1.tgz",
      "integrity": "sha1-fjL3W0E4EpHQRhHxvxQQmsAGUdc="
    },
    "turbo-http": {
      "version": "0.3.0",
      "resolved": "https://registry.npmjs.org/turbo-http/-/turbo-http-0.3.0.tgz",
      "integrity": "sha512-5ZR0GbfKGK4dSkTNRN3nJtXsptj9H/GU5e+MCiF5vMfqBoj6BdPSQKS19wY21Cekj7l/H3a8i8bZ0eOJ7803AQ==",
      "requires": {
        "http-parser-js": "^0.4.11",
        "turbo-net": "^1.4.0"
      }
    },
    "turbo-net": {
      "version": "1.4.0",
      "resolved": "https://registry.npmjs.org/turbo-net/-/turbo-net-1.4.0.tgz",
      "integrity": "sha512-S2cnyj7LtGfPPoBNjsobo4s2AKKA4hAJjnB01QKLYXlE+HTcr1kKb5y6xSa1uGtHkee8e5zwYxlcWkDNJwnNLA==",
      "requires": {
        "napi-macros": "^1.3.0",
        "node-gyp-build": "^3.3.0",
        "unordered-set": "^2.0.0"
      }
    },
    "unordered-set": {
      "version": "2.0.1",
      "resolved": "https://registry.npmjs.org/unordered-set/-/unordered-set-2.0.1.tgz",
      "integrity": "sha512-eUmNTPzdx+q/WvOHW0bgGYLWvWHNT3PTKEQLg0MAQhc0AHASHVHoP/9YytYd4RBVariqno/mEUhVZN98CmD7bg=="
    }
  }
}
